
Microsoft Visual Studio Solution File, Format Version 12.00
# Visual Studio 14
VisualStudioVersion = 14.0.25420.1
MinimumVisualStudioVersion = 10.0.40219.1
Project("{FAE04EC0-301F-11D3-BF4B-00C04F79EFBC}") = "TechRent.Domain", "ClassLibrary1\TechRent.Domain.csproj", "{37E53F23-34D3-4D8F-80E0-B271740DC186}"
EndProject
Project("{FAE04EC0-301F-11D3-BF4B-00C04F79EFBC}") = "TechRent.WebUI", "WebApplication1\TechRent.WebUI.csproj", "{4086C2F6-578C-4266-8005-5553A61A88C0}"
EndProject
Project("{FAE04EC0-301F-11D3-BF4B-00C04F79EFBC}") = "TechRent.UnitTests", "UnitTestProject1\TechRent.UnitTests.csproj", "{04B1C1FF-59D9-4BB7-A3FC-E0D930EF39E4}"
EndProject
Global
	GlobalSection(SolutionConfigurationPlatforms) = preSolution
		Debug|Any CPU = Debug|Any CPU
		Release|Any CPU = Release|Any CPU
	EndGlobalSection
	GlobalSection(ProjectConfigurationPlatforms) = postSolution
		{37E53F23-34D3-4D8F-80E0-B271740DC186}.Debug|Any CPU.ActiveCfg = Debug|Any CPU
		{37E53F23-34D3-4D8F-80E0-B271740DC186}.Debug|Any CPU.Build.0 = Debug|Any CPU
		{37E53F23-34D3-4D8F-80E0-B271740DC186}.Release|Any CPU.ActiveCfg = Release|Any CPU
		{37E53F23-34D3-4D8F-80E0-B271740DC186}.Release|Any CPU.Build.0 = Release|Any CPU
		{4086C2F6-578C-4266-8005-5553A61A88C0}.Debug|Any CPU.ActiveCfg = Debug|Any CPU
		{4086C2F6-578C-4266-8005-5553A61A88C0}.Debug|Any CPU.Build.0 = Debug|Any CPU
		{4086C2F6-578C-4266-8005-5553A61A88C0}.Release|Any CPU.ActiveCfg = Release|Any CPU
		{4086C2F6-578C-4266-8005-5553A61A88C0}.Release|Any CPU.Build.0 = Release|Any CPU
		{04B1C1FF-59D9-4BB7-A3FC-E0D930EF39E4}.Debug|Any CPU.ActiveCfg = Debug|Any CPU
		{04B1C1FF-59D9-4BB7-A3FC-E0D930EF39E4}.Debug|Any CPU.Build.0 = Debug|Any CPU
		{04B1C1FF-59D9-4BB7-A3FC-E0D930EF39E4}.Release|Any CPU.ActiveCfg = Release|Any CPU
		{04B1C1FF-59D9-4BB7-A3FC-E0D930EF39E4}.Release|Any CPU.Build.0 = Release|Any CPU
	EndGlobalSection
	GlobalSection(SolutionProperties) = preSolution
		HideSolutionNode = FALSE
	EndGlobalSection
EndGlobal
